
Microsoft Visual Studio Solution File, Format Version 12.00
# Visual Studio Version 16
VisualStudioVersion = 16.0.29709.97
MinimumVisualStudioVersion = 10.0.40219.1
Project("{FAE04EC0-301F-11D3-BF4B-00C04F79EFBC}") = "ToolsNetOpenProtocolClient", "ToolsNetOpenProtocolClient\ToolsNetOpenProtocolClient.csproj", "{4C5556F2-5DCD-4D37-96E5-D943BB77C3F6}"
EndProject
Global
	GlobalSection(SolutionConfigurationPlatforms) = preSolution
		Debug|Any CPU = Debug|Any CPU
		Release|Any CPU = Release|Any CPU
	EndGlobalSection
	GlobalSection(ProjectConfigurationPlatforms) = postSolution
		{4C5556F2-5DCD-4D37-96E5-D943BB77C3F6}.Debug|Any CPU.ActiveCfg = Debug|Any CPU
		{4C5556F2-5DCD-4D37-96E5-D943BB77C3F6}.Debug|Any CPU.Build.0 = Debug|Any CPU
		{4C5556F2-5DCD-4D37-96E5-D943BB77C3F6}.Release|Any CPU.ActiveCfg = Release|Any CPU
		{4C5556F2-5DCD-4D37-96E5-D943BB77C3F6}.Release|Any CPU.Build.0 = Release|Any CPU
	EndGlobalSection
	GlobalSection(SolutionProperties) = preSolution
		HideSolutionNode = FALSE
	EndGlobalSection
	GlobalSection(ExtensibilityGlobals) = postSolution
		SolutionGuid = {C276BD11-FD63-4ED1-80D2-78C55F5973C3}
	EndGlobalSection
EndGlobal
